
Microsoft Visual Studio Solution File, Format Version 12.00
# Visual Studio Version 17
VisualStudioVersion = 17.13.35825.156
MinimumVisualStudioVersion = 10.0.40219.1
Project("{9A19103F-16F7-4668-BE54-9A1E7A4F7556}") = "WatchStore", "WatchStore\WatchStore.csproj", "{49691327-5049-498C-8495-4876AB305622}"
	ProjectSection(ProjectDependencies) = postProject
		{60176627-5B3D-4033-B05E-32194A789AAE} = {60176627-5B3D-4033-B05E-32194A789AAE}
	EndProjectSection
EndProject
Project("{2150E333-8FDC-42A3-9474-1A3956D46DE8}") = "Solution Items", "Solution Items", "{02EA681E-C7D8-13C7-8484-4AC65E1B71E8}"
	ProjectSection(SolutionItems) = preProject
		.gitignore = .gitignore
	EndProjectSection
EndProject
Project("{9A19103F-16F7-4668-BE54-9A1E7A4F7556}") = "Entities", "Entities\Entities.csproj", "{4D6C3BB1-8A97-443F-98E0-5F7E41BF9145}"
EndProject
Project("{9A19103F-16F7-4668-BE54-9A1E7A4F7556}") = "Repository", "Repository\Repository.csproj", "{883E3A57-205C-483C-B9B1-933EEBFE6A1A}"
EndProject
Project("{9A19103F-16F7-4668-BE54-9A1E7A4F7556}") = "Business", "Business\Business.csproj", "{60176627-5B3D-4033-B05E-32194A789AAE}"
	ProjectSection(ProjectDependencies) = postProject
		{883E3A57-205C-483C-B9B1-933EEBFE6A1A} = {883E3A57-205C-483C-B9B1-933EEBFE6A1A}
	EndProjectSection
EndProject
Project("{FAE04EC0-301F-11D3-BF4B-00C04F79EFBC}") = "TestProject", "TestProject\TestProject.csproj", "{50876572-EC2D-4786-984A-D26EB9EF65D8}"
EndProject
Global
	GlobalSection(SolutionConfigurationPlatforms) = preSolution
		Debug|Any CPU = Debug|Any CPU
		Release|Any CPU = Release|Any CPU
	EndGlobalSection
	GlobalSection(ProjectConfigurationPlatforms) = postSolution
		{49691327-5049-498C-8495-4876AB305622}.Debug|Any CPU.ActiveCfg = Debug|Any CPU
		{49691327-5049-498C-8495-4876AB305622}.Debug|Any CPU.Build.0 = Debug|Any CPU
		{49691327-5049-498C-8495-4876AB305622}.Release|Any CPU.ActiveCfg = Release|Any CPU
		{49691327-5049-498C-8495-4876AB305622}.Release|Any CPU.Build.0 = Release|Any CPU
		{4D6C3BB1-8A97-443F-98E0-5F7E41BF9145}.Debug|Any CPU.ActiveCfg = Debug|Any CPU
		{4D6C3BB1-8A97-443F-98E0-5F7E41BF9145}.Debug|Any CPU.Build.0 = Debug|Any CPU
		{4D6C3BB1-8A97-443F-98E0-5F7E41BF9145}.Release|Any CPU.ActiveCfg = Release|Any CPU
		{4D6C3BB1-8A97-443F-98E0-5F7E41BF9145}.Release|Any CPU.Build.0 = Release|Any CPU
		{883E3A57-205C-483C-B9B1-933EEBFE6A1A}.Debug|Any CPU.ActiveCfg = Debug|Any CPU
		{883E3A57-205C-483C-B9B1-933EEBFE6A1A}.Debug|Any CPU.Build.0 = Debug|Any CPU
		{883E3A57-205C-483C-B9B1-933EEBFE6A1A}.Release|Any CPU.ActiveCfg = Release|Any CPU
		{883E3A57-205C-483C-B9B1-933EEBFE6A1A}.Release|Any CPU.Build.0 = Release|Any CPU
		{60176627-5B3D-4033-B05E-32194A789AAE}.Debug|Any CPU.ActiveCfg = Debug|Any CPU
		{60176627-5B3D-4033-B05E-32194A789AAE}.Debug|Any CPU.Build.0 = Debug|Any CPU
		{60176627-5B3D-4033-B05E-32194A789AAE}.Release|Any CPU.ActiveCfg = Release|Any CPU
		{60176627-5B3D-4033-B05E-32194A789AAE}.Release|Any CPU.Build.0 = Release|Any CPU
		{50876572-EC2D-4786-984A-D26EB9EF65D8}.Debug|Any CPU.ActiveCfg = Debug|Any CPU
		{50876572-EC2D-4786-984A-D26EB9EF65D8}.Debug|Any CPU.Build.0 = Debug|Any CPU
		{50876572-EC2D-4786-984A-D26EB9EF65D8}.Release|Any CPU.ActiveCfg = Release|Any CPU
		{50876572-EC2D-4786-984A-D26EB9EF65D8}.Release|Any CPU.Build.0 = Release|Any CPU
	EndGlobalSection
	GlobalSection(SolutionProperties) = preSolution
		HideSolutionNode = FALSE
	EndGlobalSection
	GlobalSection(ExtensibilityGlobals) = postSolution
		SolutionGuid = {85C3E4BD-3BCF-419C-99B2-C99BC07ADB7F}
	EndGlobalSection
EndGlobal
